{
  "name": "apple-cms-app",
  "version": "1.0.0",
  "lockfileVersion": 3,
  "requires": true,
  "packages": {
    "": {
      "name": "apple-cms-app",
      "version": "1.0.0",
      "dependencies": {
        "artplayer": "^5.2.5",
        "hls.js": "^1.6.10"
      }
    },
    "node_modules/artplayer": {
      "version": "5.2.5",
      "resolved": "https://registry.npmjs.org/artplayer/-/artplayer-5.2.5.tgz",
      "integrity": "sha512-Ogym5rvkAJ4VLncM4Apl3TJ/a/ozM3csvY4IKuuMR++hUmEZgj/HaGsNonwx8r56nsqiZYE7O4vS1HFZl+NBSg==",
      "license": "MIT",
      "dependencies": {
        "option-validator": "^2.0.6"
      }
    },
    "node_modules/hls.js": {
      "version": "1.6.10",
      "resolved": "https://registry.npmjs.org/hls.js/-/hls.js-1.6.10.tgz",
      "integrity": "sha512-16XHorwFNh+hYazYxDNXBLEm5aRoU+oxMX6qVnkbGH3hJil4xLav3/M6NH92VkD1qSOGKXeSm+5unuawPXK6OQ==",
      "license": "Apache-2.0"
    },
    "node_modules/kind-of": {
      "version": "6.0.3",
      "resolved": "https://registry.npmjs.org/kind-of/-/kind-of-6.0.3.tgz",
      "integrity": "sha512-dcS1ul+9tmeD95T+x28/ehLgd9mENa3LsvDTtzm3vyBEO7RPptvAD+t44WVXaUjTBRcrpFeFlC8WCruUR456hw==",
      "license": "MIT",
      "engines": {
        "node": ">=0.10.0"
      }
    },
    "node_modules/option-validator": {
      "version": "2.0.6",
      "resolved": "https://registry.npmjs.org/option-validator/-/option-validator-2.0.6.tgz",
      "integrity": "sha512-tmZDan2LRIRQyhUGvkff68/O0R8UmF+Btmiiz0SmSw2ng3CfPZB9wJlIjHpe/MKUZqyIZkVIXCrwr1tIN+0Dzg==",
      "license": "MIT",
      "dependencies": {
        "kind-of": "^6.0.3"
      }
    }
  }
}
